
Microsoft Visual Studio Solution File, Format Version 12.00
# Visual Studio Version 16
VisualStudioVersion = 16.0.29209.152
MinimumVisualStudioVersion = 10.0.40219.1
Project("{2150E333-8FDC-42A3-9474-1A3956D46DE8}") = "Solution Items", "Solution Items", "{250F283E-FE2F-4BBD-9E63-A2265B84E23F}"
	ProjectSection(SolutionItems) = preProject
		azure-pipelines.yml = azure-pipelines.yml
		DeploymentSettings.props = DeploymentSettings.props
		Directory.Build.props = Directory.Build.props
		Directory.Build.targets = Directory.Build.targets
		magia.sh = magia.sh
		nuget.config = nuget.config
		Packages.props = Packages.props
	EndProjectSection
EndProject
Project("{9A19103F-16F7-4668-BE54-9A1E7A4F7556}") = "Stickerzzz.Core", "src\Stickerzzz.Core\Stickerzzz.Core.csproj", "{1B915965-2648-48C6-8674-CD5FF4795F70}"
EndProject
Project("{9A19103F-16F7-4668-BE54-9A1E7A4F7556}") = "Stickerzzz.Infrastructure", "src\Stickerzzz.Infrastructure\Stickerzzz.Infrastructure.csproj", "{34C7AE29-0C75-4E82-9C46-7D3CC2E3D27C}"
EndProject
Project("{9A19103F-16F7-4668-BE54-9A1E7A4F7556}") = "Stickerzzz.Web", "src\Stickerzzz.Web\Stickerzzz.Web.csproj", "{01A57AFD-D183-4A2C-8067-AAB875191AF6}"
EndProject
Project("{9A19103F-16F7-4668-BE54-9A1E7A4F7556}") = "Stickerzzz.UnitTests", "tests\Stickerzzz.Tests\Stickerzzz.UnitTests.csproj", "{E369240B-25F2-4805-BF67-DBC62C307155}"
EndProject
Project("{9A19103F-16F7-4668-BE54-9A1E7A4F7556}") = "Stickerzzz.IntegrationTests", "tests\Stickerzzz.IntegrationTests\Stickerzzz.IntegrationTests.csproj", "{C5708A40-4BA1-483F-B29A-64EF59EAA9B6}"
EndProject
Project("{9A19103F-16F7-4668-BE54-9A1E7A4F7556}") = "Stickerzzz.FunctionalTests", "tests\Stickerzzz.FunctionalTests\Stickerzzz.FunctionalTests.csproj", "{8DD0322E-0F5A-4B26-903B-516B18EF3932}"
EndProject
Project("{E53339B2-1760-4266-BCC7-CA923CBCF16C}") = "docker-compose", "docker-compose.dcproj", "{AF2AF2AE-569D-4A7A-958F-DE900B8498C6}"
EndProject
Global
	GlobalSection(SolutionConfigurationPlatforms) = preSolution
		Debug|Any CPU = Debug|Any CPU
		Debug|x64 = Debug|x64
		Debug|x86 = Debug|x86
		Release|Any CPU = Release|Any CPU
		Release|x64 = Release|x64
		Release|x86 = Release|x86
	EndGlobalSection
	GlobalSection(ProjectConfigurationPlatforms) = postSolution
		{1B915965-2648-48C6-8674-CD5FF4795F70}.Debug|Any CPU.ActiveCfg = Debug|Any CPU
		{1B915965-2648-48C6-8674-CD5FF4795F70}.Debug|Any CPU.Build.0 = Debug|Any CPU
		{1B915965-2648-48C6-8674-CD5FF4795F70}.Debug|x64.ActiveCfg = Debug|Any CPU
		{1B915965-2648-48C6-8674-CD5FF4795F70}.Debug|x64.Build.0 = Debug|Any CPU
		{1B915965-2648-48C6-8674-CD5FF4795F70}.Debug|x86.ActiveCfg = Debug|Any CPU
		{1B915965-2648-48C6-8674-CD5FF4795F70}.Debug|x86.Build.0 = Debug|Any CPU
		{1B915965-2648-48C6-8674-CD5FF4795F70}.Release|Any CPU.ActiveCfg = Release|Any CPU
		{1B915965-2648-48C6-8674-CD5FF4795F70}.Release|Any CPU.Build.0 = Release|Any CPU
		{1B915965-2648-48C6-8674-CD5FF4795F70}.Release|x64.ActiveCfg = Release|Any CPU
		{1B915965-2648-48C6-8674-CD5FF4795F70}.Release|x64.Build.0 = Release|Any CPU
		{1B915965-2648-48C6-8674-CD5FF4795F70}.Release|x86.ActiveCfg = Release|Any CPU
		{1B915965-2648-48C6-8674-CD5FF4795F70}.Release|x86.Build.0 = Release|Any CPU
		{34C7AE29-0C75-4E82-9C46-7D3CC2E3D27C}.Debug|Any CPU.ActiveCfg = Debug|Any CPU
		{34C7AE29-0C75-4E82-9C46-7D3CC2E3D27C}.Debug|Any CPU.Build.0 = Debug|Any CPU
		{34C7AE29-0C75-4E82-9C46-7D3CC2E3D27C}.Debug|x64.ActiveCfg = Debug|Any CPU
		{34C7AE29-0C75-4E82-9C46-7D3CC2E3D27C}.Debug|x64.Build.0 = Debug|Any CPU
		{34C7AE29-0C75-4E82-9C46-7D3CC2E3D27C}.Debug|x86.ActiveCfg = Debug|Any CPU
		{34C7AE29-0C75-4E82-9C46-7D3CC2E3D27C}.Debug|x86.Build.0 = Debug|Any CPU
		{34C7AE29-0C75-4E82-9C46-7D3CC2E3D27C}.Release|Any CPU.ActiveCfg = Release|Any CPU
		{34C7AE29-0C75-4E82-9C46-7D3CC2E3D27C}.Release|Any CPU.Build.0 = Release|Any CPU
		{34C7AE29-0C75-4E82-9C46-7D3CC2E3D27C}.Release|x64.ActiveCfg = Release|Any CPU
		{34C7AE29-0C75-4E82-9C46-7D3CC2E3D27C}.Release|x64.Build.0 = Release|Any CPU
		{34C7AE29-0C75-4E82-9C46-7D3CC2E3D27C}.Release|x86.ActiveCfg = Release|Any CPU
		{34C7AE29-0C75-4E82-9C46-7D3CC2E3D27C}.Release|x86.Build.0 = Release|Any CPU
		{01A57AFD-D183-4A2C-8067-AAB875191AF6}.Debug|Any CPU.ActiveCfg = Debug|Any CPU
		{01A57AFD-D183-4A2C-8067-AAB875191AF6}.Debug|Any CPU.Build.0 = Debug|Any CPU
		{01A57AFD-D183-4A2C-8067-AAB875191AF6}.Debug|x64.ActiveCfg = Debug|Any CPU
		{01A57AFD-D183-4A2C-8067-AAB875191AF6}.Debug|x64.Build.0 = Debug|Any CPU
		{01A57AFD-D183-4A2C-8067-AAB875191AF6}.Debug|x86.ActiveCfg = Debug|Any CPU
		{01A57AFD-D183-4A2C-8067-AAB875191AF6}.Debug|x86.Build.0 = Debug|Any CPU
		{01A57AFD-D183-4A2C-8067-AAB875191AF6}.Release|Any CPU.ActiveCfg = Release|Any CPU
		{01A57AFD-D183-4A2C-8067-AAB875191AF6}.Release|Any CPU.Build.0 = Release|Any CPU
		{01A57AFD-D183-4A2C-8067-AAB875191AF6}.Release|x64.ActiveCfg = Release|Any CPU
		{01A57AFD-D183-4A2C-8067-AAB875191AF6}.Release|x64.Build.0 = Release|Any CPU
		{01A57AFD-D183-4A2C-8067-AAB875191AF6}.Release|x86.ActiveCfg = Release|Any CPU
		{01A57AFD-D183-4A2C-8067-AAB875191AF6}.Release|x86.Build.0 = Release|Any CPU
		{E369240B-25F2-4805-BF67-DBC62C307155}.Debug|Any CPU.ActiveCfg = Debug|Any CPU
		{E369240B-25F2-4805-BF67-DBC62C307155}.Debug|Any CPU.Build.0 = Debug|Any CPU
		{E369240B-25F2-4805-BF67-DBC62C307155}.Debug|x64.ActiveCfg = Debug|Any CPU
		{E369240B-25F2-4805-BF67-DBC62C307155}.Debug|x64.Build.0 = Debug|Any CPU
		{E369240B-25F2-4805-BF67-DBC62C307155}.Debug|x86.ActiveCfg = Debug|Any CPU
		{E369240B-25F2-4805-BF67-DBC62C307155}.Debug|x86.Build.0 = Debug|Any CPU
		{E369240B-25F2-4805-BF67-DBC62C307155}.Release|Any CPU.ActiveCfg = Release|Any CPU
		{E369240B-25F2-4805-BF67-DBC62C307155}.Release|Any CPU.Build.0 = Release|Any CPU
		{E369240B-25F2-4805-BF67-DBC62C307155}.Release|x64.ActiveCfg = Release|Any CPU
		{E369240B-25F2-4805-BF67-DBC62C307155}.Release|x64.Build.0 = Release|Any CPU
		{E369240B-25F2-4805-BF67-DBC62C307155}.Release|x86.ActiveCfg = Release|Any CPU
		{E369240B-25F2-4805-BF67-DBC62C307155}.Release|x86.Build.0 = Release|Any CPU
		{C5708A40-4BA1-483F-B29A-64EF59EAA9B6}.Debug|Any CPU.ActiveCfg = Debug|Any CPU
		{C5708A40-4BA1-483F-B29A-64EF59EAA9B6}.Debug|Any CPU.Build.0 = Debug|Any CPU
		{C5708A40-4BA1-483F-B29A-64EF59EAA9B6}.Debug|x64.ActiveCfg = Debug|Any CPU
		{C5708A40-4BA1-483F-B29A-64EF59EAA9B6}.Debug|x64.Build.0 = Debug|Any CPU
		{C5708A40-4BA1-483F-B29A-64EF59EAA9B6}.Debug|x86.ActiveCfg = Debug|Any CPU
		{C5708A40-4BA1-483F-B29A-64EF59EAA9B6}.Debug|x86.Build.0 = Debug|Any CPU
		{C5708A40-4BA1-483F-B29A-64EF59EAA9B6}.Release|Any CPU.ActiveCfg = Release|Any CPU
		{C5708A40-4BA1-483F-B29A-64EF59EAA9B6}.Release|Any CPU.Build.0 = Release|Any CPU
		{C5708A40-4BA1-483F-B29A-64EF59EAA9B6}.Release|x64.ActiveCfg = Release|Any CPU
		{C5708A40-4BA1-483F-B29A-64EF59EAA9B6}.Release|x64.Build.0 = Release|Any CPU
		{C5708A40-4BA1-483F-B29A-64EF59EAA9B6}.Release|x86.ActiveCfg = Release|Any CPU
		{C5708A40-4BA1-483F-B29A-64EF59EAA9B6}.Release|x86.Build.0 = Release|Any CPU
		{8DD0322E-0F5A-4B26-903B-516B18EF3932}.Debug|Any CPU.ActiveCfg = Debug|Any CPU
		{8DD0322E-0F5A-4B26-903B-516B18EF3932}.Debug|Any CPU.Build.0 = Debug|Any CPU
		{8DD0322E-0F5A-4B26-903B-516B18EF3932}.Debug|x64.ActiveCfg = Debug|Any CPU
		{8DD0322E-0F5A-4B26-903B-516B18EF3932}.Debug|x64.Build.0 = Debug|Any CPU
		{8DD0322E-0F5A-4B26-903B-516B18EF3932}.Debug|x86.ActiveCfg = Debug|Any CPU
		{8DD0322E-0F5A-4B26-903B-516B18EF3932}.Debug|x86.Build.0 = Debug|Any CPU
		{8DD0322E-0F5A-4B26-903B-516B18EF3932}.Release|Any CPU.ActiveCfg = Release|Any CPU
		{8DD0322E-0F5A-4B26-903B-516B18EF3932}.Release|Any CPU.Build.0 = Release|Any CPU
		{8DD0322E-0F5A-4B26-903B-516B18EF3932}.Release|x64.ActiveCfg = Release|Any CPU
		{8DD0322E-0F5A-4B26-903B-516B18EF3932}.Release|x64.Build.0 = Release|Any CPU
		{8DD0322E-0F5A-4B26-903B-516B18EF3932}.Release|x86.ActiveCfg = Release|Any CPU
		{8DD0322E-0F5A-4B26-903B-516B18EF3932}.Release|x86.Build.0 = Release|Any CPU
		{AF2AF2AE-569D-4A7A-958F-DE900B8498C6}.Debug|Any CPU.ActiveCfg = Debug|Any CPU
		{AF2AF2AE-569D-4A7A-958F-DE900B8498C6}.Debug|Any CPU.Build.0 = Debug|Any CPU
		{AF2AF2AE-569D-4A7A-958F-DE900B8498C6}.Debug|x64.ActiveCfg = Debug|Any CPU
		{AF2AF2AE-569D-4A7A-958F-DE900B8498C6}.Debug|x64.Build.0 = Debug|Any CPU
		{AF2AF2AE-569D-4A7A-958F-DE900B8498C6}.Debug|x86.ActiveCfg = Debug|Any CPU
		{AF2AF2AE-569D-4A7A-958F-DE900B8498C6}.Debug|x86.Build.0 = Debug|Any CPU
		{AF2AF2AE-569D-4A7A-958F-DE900B8498C6}.Release|Any CPU.ActiveCfg = Release|Any CPU
		{AF2AF2AE-569D-4A7A-958F-DE900B8498C6}.Release|Any CPU.Build.0 = Release|Any CPU
		{AF2AF2AE-569D-4A7A-958F-DE900B8498C6}.Release|x64.ActiveCfg = Release|Any CPU
		{AF2AF2AE-569D-4A7A-958F-DE900B8498C6}.Release|x64.Build.0 = Release|Any CPU
		{AF2AF2AE-569D-4A7A-958F-DE900B8498C6}.Release|x86.ActiveCfg = Release|Any CPU
		{AF2AF2AE-569D-4A7A-958F-DE900B8498C6}.Release|x86.Build.0 = Release|Any CPU
	EndGlobalSection
	GlobalSection(SolutionProperties) = preSolution
		HideSolutionNode = FALSE
	EndGlobalSection
	GlobalSection(ExtensibilityGlobals) = postSolution
		SolutionGuid = {B0F19343-8185-4A9F-9165-0EA8544BC925}
	EndGlobalSection
EndGlobal
